
Microsoft Visual Studio Solution File, Format Version 12.00
# Visual Studio Version 16
VisualStudioVersion = 16.0.31402.337
MinimumVisualStudioVersion = 10.0.40219.1
Project("{8BC9CEB8-8B4A-11D0-8D11-00A0C91BC942}") = "LIB_GEN", "Projects\LIB_GEN\LIB_GEN.vcxproj", "{4F34AAE5-9BA8-4456-ADB4-E3B79CD3B1DA}"
	ProjectSection(ProjectDependencies) = postProject
		{BDE089B0-50B9-4E76-B19E-E86637ADE7BB} = {BDE089B0-50B9-4E76-B19E-E86637ADE7BB}
	EndProjectSection
EndProject
Project("{8BC9CEB8-8B4A-11D0-8D11-00A0C91BC942}") = "TEST", "Projects\TEST\TEST.vcxproj", "{FA47B9D1-F29D-44CA-BCE2-5C247982A934}"
	ProjectSection(ProjectDependencies) = postProject
		{4F34AAE5-9BA8-4456-ADB4-E3B79CD3B1DA} = {4F34AAE5-9BA8-4456-ADB4-E3B79CD3B1DA}
	EndProjectSection
EndProject
Project("{8BC9CEB8-8B4A-11D0-8D11-00A0C91BC942}") = "TEST_NOLIB", "Projects\TEST_NOLIB\TEST_NOLIB.vcxproj", "{4ABAA074-9B0D-4F24-AA36-522198D96CAD}"
EndProject
Project("{8BC9CEB8-8B4A-11D0-8D11-00A0C91BC942}") = "BUILDCOUNTER", "Projects\BUILDCOUNTER\BUILDCOUNTER.vcxproj", "{BDE089B0-50B9-4E76-B19E-E86637ADE7BB}"
EndProject
Global
	GlobalSection(SolutionConfigurationPlatforms) = preSolution
		Debug|x64 = Debug|x64
		Debug|x86 = Debug|x86
		Release_verbose|x64 = Release_verbose|x64
		Release_verbose|x86 = Release_verbose|x86
		Release|x64 = Release|x64
		Release|x86 = Release|x86
	EndGlobalSection
	GlobalSection(ProjectConfigurationPlatforms) = postSolution
		{4F34AAE5-9BA8-4456-ADB4-E3B79CD3B1DA}.Debug|x64.ActiveCfg = Debug|x64
		{4F34AAE5-9BA8-4456-ADB4-E3B79CD3B1DA}.Debug|x64.Build.0 = Debug|x64
		{4F34AAE5-9BA8-4456-ADB4-E3B79CD3B1DA}.Debug|x86.ActiveCfg = Debug|Win32
		{4F34AAE5-9BA8-4456-ADB4-E3B79CD3B1DA}.Debug|x86.Build.0 = Debug|Win32
		{4F34AAE5-9BA8-4456-ADB4-E3B79CD3B1DA}.Release_verbose|x64.ActiveCfg = Release_verbose|x64
		{4F34AAE5-9BA8-4456-ADB4-E3B79CD3B1DA}.Release_verbose|x64.Build.0 = Release_verbose|x64
		{4F34AAE5-9BA8-4456-ADB4-E3B79CD3B1DA}.Release_verbose|x86.ActiveCfg = Release_verbose|Win32
		{4F34AAE5-9BA8-4456-ADB4-E3B79CD3B1DA}.Release_verbose|x86.Build.0 = Release_verbose|Win32
		{4F34AAE5-9BA8-4456-ADB4-E3B79CD3B1DA}.Release|x64.ActiveCfg = Release|x64
		{4F34AAE5-9BA8-4456-ADB4-E3B79CD3B1DA}.Release|x64.Build.0 = Release|x64
		{4F34AAE5-9BA8-4456-ADB4-E3B79CD3B1DA}.Release|x86.ActiveCfg = Release|Win32
		{4F34AAE5-9BA8-4456-ADB4-E3B79CD3B1DA}.Release|x86.Build.0 = Release|Win32
		{FA47B9D1-F29D-44CA-BCE2-5C247982A934}.Debug|x64.ActiveCfg = Debug|x64
		{FA47B9D1-F29D-44CA-BCE2-5C247982A934}.Debug|x64.Build.0 = Debug|x64
		{FA47B9D1-F29D-44CA-BCE2-5C247982A934}.Debug|x86.ActiveCfg = Debug|Win32
		{FA47B9D1-F29D-44CA-BCE2-5C247982A934}.Debug|x86.Build.0 = Debug|Win32
		{FA47B9D1-F29D-44CA-BCE2-5C247982A934}.Release_verbose|x64.ActiveCfg = Release_verbose|x64
		{FA47B9D1-F29D-44CA-BCE2-5C247982A934}.Release_verbose|x64.Build.0 = Release_verbose|x64
		{FA47B9D1-F29D-44CA-BCE2-5C247982A934}.Release_verbose|x86.ActiveCfg = Release_verbose|Win32
		{FA47B9D1-F29D-44CA-BCE2-5C247982A934}.Release_verbose|x86.Build.0 = Release_verbose|Win32
		{FA47B9D1-F29D-44CA-BCE2-5C247982A934}.Release|x64.ActiveCfg = Release|x64
		{FA47B9D1-F29D-44CA-BCE2-5C247982A934}.Release|x64.Build.0 = Release|x64
		{FA47B9D1-F29D-44CA-BCE2-5C247982A934}.Release|x86.ActiveCfg = Release|Win32
		{FA47B9D1-F29D-44CA-BCE2-5C247982A934}.Release|x86.Build.0 = Release|Win32
		{4ABAA074-9B0D-4F24-AA36-522198D96CAD}.Debug|x64.ActiveCfg = Debug|x64
		{4ABAA074-9B0D-4F24-AA36-522198D96CAD}.Debug|x64.Build.0 = Debug|x64
		{4ABAA074-9B0D-4F24-AA36-522198D96CAD}.Debug|x86.ActiveCfg = Debug|Win32
		{4ABAA074-9B0D-4F24-AA36-522198D96CAD}.Debug|x86.Build.0 = Debug|Win32
		{4ABAA074-9B0D-4F24-AA36-522198D96CAD}.Release_verbose|x64.ActiveCfg = Release_verbose|x64
		{4ABAA074-9B0D-4F24-AA36-522198D96CAD}.Release_verbose|x64.Build.0 = Release_verbose|x64
		{4ABAA074-9B0D-4F24-AA36-522198D96CAD}.Release_verbose|x86.ActiveCfg = Release_verbose|Win32
		{4ABAA074-9B0D-4F24-AA36-522198D96CAD}.Release_verbose|x86.Build.0 = Release_verbose|Win32
		{4ABAA074-9B0D-4F24-AA36-522198D96CAD}.Release|x64.ActiveCfg = Release|x64
		{4ABAA074-9B0D-4F24-AA36-522198D96CAD}.Release|x64.Build.0 = Release|x64
		{4ABAA074-9B0D-4F24-AA36-522198D96CAD}.Release|x86.ActiveCfg = Release|Win32
		{4ABAA074-9B0D-4F24-AA36-522198D96CAD}.Release|x86.Build.0 = Release|Win32
		{BDE089B0-50B9-4E76-B19E-E86637ADE7BB}.Debug|x64.ActiveCfg = Debug|x64
		{BDE089B0-50B9-4E76-B19E-E86637ADE7BB}.Debug|x64.Build.0 = Debug|x64
		{BDE089B0-50B9-4E76-B19E-E86637ADE7BB}.Debug|x86.ActiveCfg = Debug|Win32
		{BDE089B0-50B9-4E76-B19E-E86637ADE7BB}.Debug|x86.Build.0 = Debug|Win32
		{BDE089B0-50B9-4E76-B19E-E86637ADE7BB}.Release_verbose|x64.ActiveCfg = Release|x64
		{BDE089B0-50B9-4E76-B19E-E86637ADE7BB}.Release_verbose|x64.Build.0 = Release|x64
		{BDE089B0-50B9-4E76-B19E-E86637ADE7BB}.Release_verbose|x86.ActiveCfg = Release|Win32
		{BDE089B0-50B9-4E76-B19E-E86637ADE7BB}.Release_verbose|x86.Build.0 = Release|Win32
		{BDE089B0-50B9-4E76-B19E-E86637ADE7BB}.Release|x64.ActiveCfg = Release|x64
		{BDE089B0-50B9-4E76-B19E-E86637ADE7BB}.Release|x64.Build.0 = Release|x64
		{BDE089B0-50B9-4E76-B19E-E86637ADE7BB}.Release|x86.ActiveCfg = Release|Win32
		{BDE089B0-50B9-4E76-B19E-E86637ADE7BB}.Release|x86.Build.0 = Release|Win32
	EndGlobalSection
	GlobalSection(SolutionProperties) = preSolution
		HideSolutionNode = FALSE
	EndGlobalSection
	GlobalSection(ExtensibilityGlobals) = postSolution
		SolutionGuid = {BA09689A-7D59-41E5-AC4F-CDCEF8D2FD6F}
	EndGlobalSection
EndGlobal
