<?xml version="1.0" encoding="utf-8"?>
<Project ToolsVersion="4.0" xmlns="http://schemas.microsoft.com/developer/msbuild/2003">
  <ItemGroup>
    <ClCompile Include="main_verificator.cpp" />
    <ClCompile Include="..\..\include\Lunaris\Graphics\transform\transform.cpp">
      <Filter>include\Lunaris\Graphics\__impl\transform</Filter>
    </ClCompile>
    <ClCompile Include="..\..\include\Lunaris\Graphics\display\display.cpp">
      <Filter>include\Lunaris\Graphics\__impl\display</Filter>
    </ClCompile>
    <ClCompile Include="..\..\include\Lunaris\Graphics\texture\texture.cpp">
      <Filter>include\Lunaris\Graphics\__impl\texture</Filter>
    </ClCompile>
    <ClCompile Include="..\..\include\Lunaris\Graphics\color\color.cpp">
      <Filter>include\Lunaris\Graphics\__impl\color</Filter>
    </ClCompile>
    <ClCompile Include="..\..\include\Lunaris\Graphics\sprite\sprite.cpp">
      <Filter>include\Lunaris\Graphics\__impl\sprite</Filter>
    </ClCompile>
    <ClCompile Include="..\..\include\Lunaris\Graphics\block\block.cpp">
      <Filter>include\Lunaris\Graphics\__impl\block</Filter>
    </ClCompile>
    <ClCompile Include="..\..\include\Lunaris\Graphics\font\font.cpp">
      <Filter>include\Lunaris\Graphics\__impl\font</Filter>
    </ClCompile>
    <ClCompile Include="..\..\include\Lunaris\Graphics\text\text.cpp">
      <Filter>include\Lunaris\Graphics\__impl\text</Filter>
    </ClCompile>
    <ClCompile Include="..\..\include\Lunaris\Audio\voice\voice.cpp">
      <Filter>include\Lunaris\Audio\__impl\voice</Filter>
    </ClCompile>
    <ClCompile Include="..\..\include\Lunaris\Audio\mixer\mixer.cpp">
      <Filter>include\Lunaris\Audio\__impl\mixer</Filter>
    </ClCompile>
    <ClCompile Include="..\..\include\Lunaris\Audio\track\track.cpp">
      <Filter>include\Lunaris\Audio\__impl\track</Filter>
    </ClCompile>
    <ClCompile Include="..\..\include\Lunaris\Audio\sample\sample.cpp">
      <Filter>include\Lunaris\Audio\__impl\sample</Filter>
    </ClCompile>
    <ClCompile Include="..\..\include\Lunaris\Utility\downloader\downloader.cpp">
      <Filter>include\Lunaris\Utility\__impl\downloader</Filter>
    </ClCompile>
    <ClCompile Include="..\..\include\Lunaris\Utility\file\file.cpp">
      <Filter>include\Lunaris\Utility\__impl\file</Filter>
    </ClCompile>
    <ClCompile Include="..\..\include\Lunaris\Events\keyboard\keyboard.cpp">
      <Filter>include\Lunaris\Events\__impl\keyboard</Filter>
    </ClCompile>
    <ClCompile Include="..\..\include\Lunaris\Events\mouse\mouse.cpp">
      <Filter>include\Lunaris\Events\__impl\mouse</Filter>
    </ClCompile>
    <ClCompile Include="..\..\include\Lunaris\Events\keys\keys.cpp">
      <Filter>include\Lunaris\Events\__impl\keys</Filter>
    </ClCompile>
    <ClCompile Include="..\..\include\Lunaris\Events\shared_start\shared_start.cpp">
      <Filter>include\Lunaris\Events\__impl\shared_start</Filter>
    </ClCompile>
    <ClCompile Include="..\..\include\Lunaris\Events\generic_event_handler\generic_event_handler.cpp">
      <Filter>include\Lunaris\Events\__impl\generic_event_handler</Filter>
    </ClCompile>
  </ItemGroup>
  <ItemGroup>
    <Filter Include="include">
      <UniqueIdentifier>{276d33be-2fc0-437f-9d5d-e23759d1b26a}</UniqueIdentifier>
    </Filter>
    <Filter Include="include\Lunaris">
      <UniqueIdentifier>{c1f5a566-37e4-4972-bcbd-b58185eaa0d0}</UniqueIdentifier>
    </Filter>
    <Filter Include="include\Lunaris\Utility">
      <UniqueIdentifier>{98513843-3726-407a-b0d7-ab52b8fa2eeb}</UniqueIdentifier>
    </Filter>
    <Filter Include="include\Lunaris\Utility\__include">
      <UniqueIdentifier>{16c1628f-ae37-4d43-ab8c-8493411833ba}</UniqueIdentifier>
    </Filter>
    <Filter Include="include\Lunaris\Utility\__impl">
      <UniqueIdentifier>{e230882f-79a5-4724-8b48-312eda7d46f4}</UniqueIdentifier>
    </Filter>
    <Filter Include="include\Lunaris\Utility\__impl\console">
      <UniqueIdentifier>{535278b6-2b95-44fa-b28c-c157227f0d27}</UniqueIdentifier>
    </Filter>
    <Filter Include="include\Lunaris\Utility\__impl\future">
      <UniqueIdentifier>{07f317a3-49d2-475f-a7aa-5c6544f723f5}</UniqueIdentifier>
    </Filter>
    <Filter Include="include\Lunaris\__include">
      <UniqueIdentifier>{e30638e5-c4cf-4fa8-9849-8e2f4ddb6861}</UniqueIdentifier>
    </Filter>
    <Filter Include="include\Lunaris\Utility\__impl\thread">
      <UniqueIdentifier>{e8d824df-2d47-40a1-8e3e-6558a1e42421}</UniqueIdentifier>
    </Filter>
    <Filter Include="include\Lunaris\Utility\__impl\memory">
      <UniqueIdentifier>{f0e3287a-f56e-493c-8941-ad1a285ac325}</UniqueIdentifier>
    </Filter>
    <Filter Include="include\Lunaris\Utility\__impl\package">
      <UniqueIdentifier>{605bffad-5807-4761-ab18-27c35bd7e518}</UniqueIdentifier>
    </Filter>
    <Filter Include="include\Lunaris\Utility\__impl\socket">
      <UniqueIdentifier>{b011d757-9d78-41a8-8741-0257932794f8}</UniqueIdentifier>
    </Filter>
    <Filter Include="include\Lunaris\Utility\__impl\process">
      <UniqueIdentifier>{b68347da-1b19-4139-8c2e-f0112d8433fe}</UniqueIdentifier>
    </Filter>
    <Filter Include="include\Lunaris\Graphics">
      <UniqueIdentifier>{738ada92-f23e-4849-83b2-9421cd92935d}</UniqueIdentifier>
    </Filter>
    <Filter Include="include\Lunaris\Graphics\__impl">
      <UniqueIdentifier>{ce4c7183-e878-4bb6-a2a2-2103154a8ef8}</UniqueIdentifier>
    </Filter>
    <Filter Include="include\Lunaris\Graphics\__include">
      <UniqueIdentifier>{eb9bab88-aac5-492f-90a5-c10900b63e90}</UniqueIdentifier>
    </Filter>
    <Filter Include="include\Lunaris\Graphics\__impl\transform">
      <UniqueIdentifier>{a417b3a5-7754-42da-a1f7-0108f088dcf9}</UniqueIdentifier>
    </Filter>
    <Filter Include="include\Lunaris\Graphics\__impl\display">
      <UniqueIdentifier>{e3070d62-1d56-4c40-a48c-a8b99fa5504e}</UniqueIdentifier>
    </Filter>
    <Filter Include="include\Lunaris\Graphics\__impl\texture">
      <UniqueIdentifier>{3c9648d9-be88-4108-968c-333bdd2420cf}</UniqueIdentifier>
    </Filter>
    <Filter Include="include\Lunaris\Graphics\__impl\color">
      <UniqueIdentifier>{7b5d59c0-3e1a-42d9-b7c2-aef9710b5b24}</UniqueIdentifier>
    </Filter>
    <Filter Include="include\Lunaris\Graphics\__impl\sprite">
      <UniqueIdentifier>{6814f139-9834-48ff-83d9-990e9ddf9a46}</UniqueIdentifier>
    </Filter>
    <Filter Include="include\Lunaris\Utility\__impl\multi_map">
      <UniqueIdentifier>{500f7600-5ff5-4a0a-adba-0f524337d8cb}</UniqueIdentifier>
    </Filter>
    <Filter Include="include\Lunaris\Graphics\__impl\block">
      <UniqueIdentifier>{6b3845e9-cadf-44a4-b610-5a5fce29f044}</UniqueIdentifier>
    </Filter>
    <Filter Include="include\Lunaris\Graphics\__impl\text">
      <UniqueIdentifier>{81141463-c381-4fe9-b8f7-0041e4cd8ef8}</UniqueIdentifier>
    </Filter>
    <Filter Include="include\Lunaris\Graphics\__impl\font">
      <UniqueIdentifier>{ffb937e8-56a8-4606-b491-b5d11bf8656e}</UniqueIdentifier>
    </Filter>
    <Filter Include="include\Lunaris\Audio">
      <UniqueIdentifier>{87b659f6-69d4-4eff-bf62-599643b91173}</UniqueIdentifier>
    </Filter>
    <Filter Include="include\Lunaris\Audio\__impl">
      <UniqueIdentifier>{bb3ac337-5cb4-4092-b390-b39d3bf172de}</UniqueIdentifier>
    </Filter>
    <Filter Include="include\Lunaris\Audio\__include">
      <UniqueIdentifier>{ddf423fc-efbc-4f94-8b7e-2df6cd55c555}</UniqueIdentifier>
    </Filter>
    <Filter Include="include\Lunaris\Audio\__impl\mixer">
      <UniqueIdentifier>{12c3a88e-a366-44d4-81d1-efab727071fa}</UniqueIdentifier>
    </Filter>
    <Filter Include="include\Lunaris\Audio\__impl\track">
      <UniqueIdentifier>{82549800-01d4-4e5a-82c4-0fc471528f86}</UniqueIdentifier>
    </Filter>
    <Filter Include="include\Lunaris\Audio\__impl\voice">
      <UniqueIdentifier>{6fdfda88-655c-484e-b36a-6332cf221d5c}</UniqueIdentifier>
    </Filter>
    <Filter Include="include\Lunaris\Audio\__impl\sample">
      <UniqueIdentifier>{0414c26f-268d-4822-b060-443aa6c9d200}</UniqueIdentifier>
    </Filter>
    <Filter Include="include\Lunaris\Utility\__impl\downloader">
      <UniqueIdentifier>{56640e3a-310a-4466-b6e1-518b79b46ed7}</UniqueIdentifier>
    </Filter>
    <Filter Include="include\Lunaris\Utility\__impl\file">
      <UniqueIdentifier>{435945be-2365-46e7-b5a7-e36dc1038a8e}</UniqueIdentifier>
    </Filter>
    <Filter Include="include\Lunaris\Events">
      <UniqueIdentifier>{7e7dc54a-1c68-462d-9612-67cbb423407b}</UniqueIdentifier>
    </Filter>
    <Filter Include="include\Lunaris\Events\__impl">
      <UniqueIdentifier>{b8b635b9-46a0-45f0-b76a-bdec5e084b56}</UniqueIdentifier>
    </Filter>
    <Filter Include="include\Lunaris\Events\__include">
      <UniqueIdentifier>{558a6884-877c-40bb-8ee0-e253332b6f17}</UniqueIdentifier>
    </Filter>
    <Filter Include="include\Lunaris\Events\__impl\keyboard">
      <UniqueIdentifier>{f4e567c6-67f0-4e5c-b775-df6172ef37a8}</UniqueIdentifier>
    </Filter>
    <Filter Include="include\Lunaris\Events\__impl\mouse">
      <UniqueIdentifier>{cd06f26a-800a-47c4-9b48-bd9cee1e7d5c}</UniqueIdentifier>
    </Filter>
    <Filter Include="include\Lunaris\Events\__impl\keys">
      <UniqueIdentifier>{7f81d225-773b-40e5-93f7-d09af9512a90}</UniqueIdentifier>
    </Filter>
    <Filter Include="include\Lunaris\Events\__impl\shared_start">
      <UniqueIdentifier>{c77c3bf2-a29f-4341-a822-ecd69aa03e2b}</UniqueIdentifier>
    </Filter>
    <Filter Include="include\Lunaris\Events\__impl\generic_event_handler">
      <UniqueIdentifier>{d82753df-2486-4c96-a4d9-7c998db9c25e}</UniqueIdentifier>
    </Filter>
  </ItemGroup>
  <ItemGroup>
    <ClInclude Include="..\..\include\Lunaris\Utility\console.h">
      <Filter>include\Lunaris\Utility\__include</Filter>
    </ClInclude>
    <ClInclude Include="..\..\include\Lunaris\Utility\future.h">
      <Filter>include\Lunaris\Utility\__include</Filter>
    </ClInclude>
    <ClInclude Include="..\..\include\Lunaris\Utility\console\console.h">
      <Filter>include\Lunaris\Utility\__impl\console</Filter>
    </ClInclude>
    <ClInclude Include="..\..\include\Lunaris\Utility\console\console.ipp">
      <Filter>include\Lunaris\Utility\__impl\console</Filter>
    </ClInclude>
    <ClInclude Include="..\..\include\Lunaris\Utility\future\future.h">
      <Filter>include\Lunaris\Utility\__impl\future</Filter>
    </ClInclude>
    <ClInclude Include="..\..\include\Lunaris\Utility\future\future.ipp">
      <Filter>include\Lunaris\Utility\__impl\future</Filter>
    </ClInclude>
    <ClInclude Include="..\..\include\Lunaris\Utility\memory.h">
      <Filter>include\Lunaris\Utility\__include</Filter>
    </ClInclude>
    <ClInclude Include="..\..\include\Lunaris\Utility\memory\memory.h">
      <Filter>include\Lunaris\Utility\__impl\memory</Filter>
    </ClInclude>
    <ClInclude Include="..\..\include\Lunaris\Utility\memory\memory.ipp">
      <Filter>include\Lunaris\Utility\__impl\memory</Filter>
    </ClInclude>
    <ClInclude Include="..\..\include\Lunaris\utility.h">
      <Filter>include\Lunaris\__include</Filter>
    </ClInclude>
    <ClInclude Include="..\..\include\Lunaris\Utility\thread\thread.h">
      <Filter>include\Lunaris\Utility\__impl\thread</Filter>
    </ClInclude>
    <ClInclude Include="..\..\include\Lunaris\Utility\thread\thread.ipp">
      <Filter>include\Lunaris\Utility\__impl\thread</Filter>
    </ClInclude>
    <ClInclude Include="..\..\include\Lunaris\Utility\thread.h">
      <Filter>include\Lunaris\Utility\__include</Filter>
    </ClInclude>
    <ClInclude Include="..\..\include\Lunaris\Utility\package\package.ipp">
      <Filter>include\Lunaris\Utility\__impl\package</Filter>
    </ClInclude>
    <ClInclude Include="..\..\include\Lunaris\Utility\package\package.h">
      <Filter>include\Lunaris\Utility\__impl\package</Filter>
    </ClInclude>
    <ClInclude Include="..\..\include\Lunaris\Utility\package.h">
      <Filter>include\Lunaris\Utility\__include</Filter>
    </ClInclude>
    <ClInclude Include="..\..\include\Lunaris\Utility\socket.h">
      <Filter>include\Lunaris\Utility\__include</Filter>
    </ClInclude>
    <ClInclude Include="..\..\include\Lunaris\Utility\socket\socket.ipp">
      <Filter>include\Lunaris\Utility\__impl\socket</Filter>
    </ClInclude>
    <ClInclude Include="..\..\include\Lunaris\Utility\socket\socket.h">
      <Filter>include\Lunaris\Utility\__impl\socket</Filter>
    </ClInclude>
    <ClInclude Include="..\..\include\Lunaris\Utility\process\process.h">
      <Filter>include\Lunaris\Utility\__impl\process</Filter>
    </ClInclude>
    <ClInclude Include="..\..\include\Lunaris\Utility\process\process.ipp">
      <Filter>include\Lunaris\Utility\__impl\process</Filter>
    </ClInclude>
    <ClInclude Include="..\..\include\Lunaris\Utility\process.h">
      <Filter>include\Lunaris\Utility\__include</Filter>
    </ClInclude>
    <ClInclude Include="..\..\include\Lunaris\Graphics\transform\transform.h">
      <Filter>include\Lunaris\Graphics\__impl\transform</Filter>
    </ClInclude>
    <ClInclude Include="..\..\include\Lunaris\graphics.h">
      <Filter>include\Lunaris\__include</Filter>
    </ClInclude>
    <ClInclude Include="..\..\include\Lunaris\Graphics\transform.h">
      <Filter>include\Lunaris\Graphics\__include</Filter>
    </ClInclude>
    <ClInclude Include="..\..\include\Lunaris\Graphics\display\display.h">
      <Filter>include\Lunaris\Graphics\__impl\display</Filter>
    </ClInclude>
    <ClInclude Include="..\..\include\Lunaris\Graphics\display.h">
      <Filter>include\Lunaris\Graphics\__include</Filter>
    </ClInclude>
    <ClInclude Include="..\..\include\Lunaris\Graphics\texture\texture.h">
      <Filter>include\Lunaris\Graphics\__impl\texture</Filter>
    </ClInclude>
    <ClInclude Include="..\..\include\Lunaris\Graphics\texture.h">
      <Filter>include\Lunaris\Graphics\__include</Filter>
    </ClInclude>
    <ClInclude Include="..\..\include\Lunaris\Graphics\color\color.h">
      <Filter>include\Lunaris\Graphics\__impl\color</Filter>
    </ClInclude>
    <ClInclude Include="..\..\include\Lunaris\Graphics\color.h">
      <Filter>include\Lunaris\Graphics\__include</Filter>
    </ClInclude>
    <ClInclude Include="..\..\include\Lunaris\Utility\multi_map\multi_map.h">
      <Filter>include\Lunaris\Utility\__impl\multi_map</Filter>
    </ClInclude>
    <ClInclude Include="..\..\include\Lunaris\Utility\multi_map\multi_map.ipp">
      <Filter>include\Lunaris\Utility\__impl\multi_map</Filter>
    </ClInclude>
    <ClInclude Include="..\..\include\Lunaris\Utility\multi_map.h">
      <Filter>include\Lunaris\Utility\__include</Filter>
    </ClInclude>
    <ClInclude Include="..\..\include\Lunaris\Graphics\sprite\sprite.h">
      <Filter>include\Lunaris\Graphics\__impl\sprite</Filter>
    </ClInclude>
    <ClInclude Include="..\..\include\Lunaris\Graphics\sprite.h">
      <Filter>include\Lunaris\Graphics\__include</Filter>
    </ClInclude>
    <ClInclude Include="..\..\include\Lunaris\Graphics\block\block.h">
      <Filter>include\Lunaris\Graphics\__impl\block</Filter>
    </ClInclude>
    <ClInclude Include="..\..\include\Lunaris\Graphics\block.h">
      <Filter>include\Lunaris\Graphics\__include</Filter>
    </ClInclude>
    <ClInclude Include="..\..\include\Lunaris\Graphics\font\font.h">
      <Filter>include\Lunaris\Graphics\__impl\font</Filter>
    </ClInclude>
    <ClInclude Include="..\..\include\Lunaris\Graphics\font.h">
      <Filter>include\Lunaris\Graphics\__include</Filter>
    </ClInclude>
    <ClInclude Include="..\..\include\Lunaris\Graphics\text.h">
      <Filter>include\Lunaris\Graphics\__include</Filter>
    </ClInclude>
    <ClInclude Include="..\..\include\Lunaris\Graphics\text\text.h">
      <Filter>include\Lunaris\Graphics\__impl\text</Filter>
    </ClInclude>
    <ClInclude Include="..\..\include\Lunaris\audio.h">
      <Filter>include\Lunaris\__include</Filter>
    </ClInclude>
    <ClInclude Include="..\..\include\Lunaris\Audio\mixer.h">
      <Filter>include\Lunaris\Audio\__include</Filter>
    </ClInclude>
    <ClInclude Include="..\..\include\Lunaris\Audio\track.h">
      <Filter>include\Lunaris\Audio\__include</Filter>
    </ClInclude>
    <ClInclude Include="..\..\include\Lunaris\Audio\voice.h">
      <Filter>include\Lunaris\Audio\__include</Filter>
    </ClInclude>
    <ClInclude Include="..\..\include\Lunaris\Audio\voice\voice.h">
      <Filter>include\Lunaris\Audio\__impl\voice</Filter>
    </ClInclude>
    <ClInclude Include="..\..\include\Lunaris\Audio\mixer\mixer.h">
      <Filter>include\Lunaris\Audio\__impl\mixer</Filter>
    </ClInclude>
    <ClInclude Include="..\..\include\Lunaris\Audio\track\track.h">
      <Filter>include\Lunaris\Audio\__impl\track</Filter>
    </ClInclude>
    <ClInclude Include="..\..\include\Lunaris\Audio\sample.h">
      <Filter>include\Lunaris\Audio\__include</Filter>
    </ClInclude>
    <ClInclude Include="..\..\include\Lunaris\Audio\sample\sample.h">
      <Filter>include\Lunaris\Audio\__impl\sample</Filter>
    </ClInclude>
    <ClInclude Include="..\..\include\Lunaris\Utility\downloader.h">
      <Filter>include\Lunaris\Utility\__include</Filter>
    </ClInclude>
    <ClInclude Include="..\..\include\Lunaris\Utility\downloader\downloader.h">
      <Filter>include\Lunaris\Utility\__impl\downloader</Filter>
    </ClInclude>
    <ClInclude Include="..\..\include\Lunaris\Utility\file.h">
      <Filter>include\Lunaris\Utility\__include</Filter>
    </ClInclude>
    <ClInclude Include="..\..\include\Lunaris\Utility\file\file.h">
      <Filter>include\Lunaris\Utility\__impl\file</Filter>
    </ClInclude>
    <ClInclude Include="..\..\include\Lunaris\events.h">
      <Filter>include\Lunaris\__include</Filter>
    </ClInclude>
    <ClInclude Include="..\..\include\Lunaris\Events\keyboard.h">
      <Filter>include\Lunaris\Events\__include</Filter>
    </ClInclude>
    <ClInclude Include="..\..\include\Lunaris\Events\mouse.h">
      <Filter>include\Lunaris\Events\__include</Filter>
    </ClInclude>
    <ClInclude Include="..\..\include\Lunaris\Events\keys.h">
      <Filter>include\Lunaris\Events\__include</Filter>
    </ClInclude>
    <ClInclude Include="..\..\include\Lunaris\Events\generic_event_handler.h">
      <Filter>include\Lunaris\Events\__include</Filter>
    </ClInclude>
    <ClInclude Include="..\..\include\Lunaris\Events\keyboard\keyboard.h">
      <Filter>include\Lunaris\Events\__impl\keyboard</Filter>
    </ClInclude>
    <ClInclude Include="..\..\include\Lunaris\Events\mouse\mouse.h">
      <Filter>include\Lunaris\Events\__impl\mouse</Filter>
    </ClInclude>
    <ClInclude Include="..\..\include\Lunaris\Events\keys\keys.h">
      <Filter>include\Lunaris\Events\__impl\keys</Filter>
    </ClInclude>
    <ClInclude Include="..\..\include\Lunaris\Events\shared_start.h">
      <Filter>include\Lunaris\Events\__include</Filter>
    </ClInclude>
    <ClInclude Include="..\..\include\Lunaris\Events\shared_start\shared_start.h">
      <Filter>include\Lunaris\Events\__impl\shared_start</Filter>
    </ClInclude>
    <ClInclude Include="..\..\include\Lunaris\Events\generic_event_handler\generic_event_handler.h">
      <Filter>include\Lunaris\Events\__impl\generic_event_handler</Filter>
    </ClInclude>
  </ItemGroup>
  <ItemGroup>
    <None Include="packages.config" />
  </ItemGroup>
</Project>